# THIS IS AN AUTOGENERATED FILE. DO NOT EDIT THIS FILE DIRECTLY.
# yarn lockfile v1


"@boatnet/bn-models@^0.2.9":
  version "0.2.9"
  resolved "https://registry.yarnpkg.com/@boatnet/bn-models/-/bn-models-0.2.9.tgz#509953159f5c3ae5f50c7f3053dbc83eaf3d3e5d"
  integrity sha512-vu7k15EXLgXQ6j/rcxlhuI6Yxiw6zvO8atBpx7r9pn/arw8mxbtNcCEgWc6yE8tqoRiPNl8fiS5GT9v5Es/qFQ==
  dependencies:
    geojson "^0.5.0"

"@types/geojson@^7946.0.7":
  version "7946.0.7"
  resolved "https://registry.yarnpkg.com/@types/geojson/-/geojson-7946.0.7.tgz#c8fa532b60a0042219cdf173ca21a975ef0666ad"
  integrity sha512-wE2v81i4C4Ol09RtsWFAqg3BUitWbHSpSlIo+bNdsCJijO9sjme+zm+73ZMCa/qMC8UEERxzGbvmr1cffo2SiQ==

core-js@2:
  version "2.6.11"
  resolved "https://registry.yarnpkg.com/core-js/-/core-js-2.6.11.tgz#38831469f9922bded8ee21c9dc46985e0399308c"
  integrity sha512-5wjnpaT/3dV+XB4borEsnAYQchn00XSgTAWKDkEqv+K8KevjbzmofK6hfJ9TZIlpj2N0xQpazy7PiRQiWHqzWg==

geojson@^0.5.0:
  version "0.5.0"
  resolved "https://registry.yarnpkg.com/geojson/-/geojson-0.5.0.tgz#3cd6c96399be65b56ee55596116fe9191ce701c0"
  integrity sha1-PNbJY5m+ZbVu5VWWEW/pGRznAcA=

typescript@^3.7.2:
  version "3.9.5"
  resolved "https://registry.yarnpkg.com/typescript/-/typescript-3.9.5.tgz#586f0dba300cde8be52dd1ac4f7e1009c1b13f36"
  integrity sha512-hSAifV3k+i6lEoCJ2k6R2Z/rp/H3+8sdmcn5NrS3/3kE7+RyZXm9aqvxWqjEXHAd8b0pShatpcdMTvEdvAJltQ==

vue@^2.6.6:
  version "2.6.11"
  resolved "https://registry.yarnpkg.com/vue/-/vue-2.6.11.tgz#76594d877d4b12234406e84e35275c6d514125c5"
  integrity sha512-VfPwgcGABbGAue9+sfrD4PuwFar7gPb1yl1UK1MwXoQPAw0BKSqWfoYCT/ThFrdEVWoI51dBuyCoiNU9bZDZxQ==

vuex@^3.1.2:
  version "3.4.0"
  resolved "https://registry.yarnpkg.com/vuex/-/vuex-3.4.0.tgz#20cc086062d750769fce1febb34e7fceeaebde45"
  integrity sha512-ajtqwEW/QhnrBZQsZxCLHThZZaa+Db45c92Asf46ZDXu6uHXgbfVuBaJ4gzD2r4UX0oMJHstFwd2r2HM4l8umg==
